
Microsoft Visual Studio Solution File, Format Version 12.00
# Visual Studio Version 16
VisualStudioVersion = 16.0.31005.135
MinimumVisualStudioVersion = 10.0.40219.1
Project("{FAE04EC0-301F-11D3-BF4B-00C04F79EFBC}") = "Laboratory-Work-One", "Laboratory-Work-One\Laboratory-Work-One.csproj", "{4794D1C3-28A1-4A50-A142-35F893DCFBFC}"
EndProject
Global
	GlobalSection(SolutionConfigurationPlatforms) = preSolution
		Debug|Any CPU = Debug|Any CPU
		Release|Any CPU = Release|Any CPU
	EndGlobalSection
	GlobalSection(ProjectConfigurationPlatforms) = postSolution
		{4794D1C3-28A1-4A50-A142-35F893DCFBFC}.Debug|Any CPU.ActiveCfg = Debug|Any CPU
		{4794D1C3-28A1-4A50-A142-35F893DCFBFC}.Debug|Any CPU.Build.0 = Debug|Any CPU
		{4794D1C3-28A1-4A50-A142-35F893DCFBFC}.Release|Any CPU.ActiveCfg = Release|Any CPU
		{4794D1C3-28A1-4A50-A142-35F893DCFBFC}.Release|Any CPU.Build.0 = Release|Any CPU
	EndGlobalSection
	GlobalSection(SolutionProperties) = preSolution
		HideSolutionNode = FALSE
	EndGlobalSection
	GlobalSection(ExtensibilityGlobals) = postSolution
		SolutionGuid = {B371F94C-34C0-458B-8A92-C52728CDE006}
	EndGlobalSection
EndGlobal
